// !$*UTF8*$!
{
	archiveVersion = 1;
	classes = {
	};
	objectVersion = 46;
	objects = {

/* Begin PBXBuildFile section */
		C9C636311D2A8C4A00BCAC7A /* main.m in Sources */ = {isa = PBXBuildFile; fileRef = C9C636301D2A8C4A00BCAC7A /* main.m */; };
		C9C636341D2A8C4A00BCAC7A /* AppDelegate.m in Sources */ = {isa = PBXBuildFile; fileRef = C9C636331D2A8C4A00BCAC7A /* AppDelegate.m */; };
		C9C6363A1D2A8C4A00BCAC7A /* Main.storyboard in Resources */ = {isa = PBXBuildFile; fileRef = C9C636381D2A8C4A00BCAC7A /* Main.storyboard */; };
		C9C6363C1D2A8C4A00BCAC7A /* Assets.xcassets in Resources */ = {isa = PBXBuildFile; fileRef = C9C6363B1D2A8C4A00BCAC7A /* Assets.xcassets */; };
		C9C6363F1D2A8C4A00BCAC7A /* LaunchScreen.storyboard in Resources */ = {isa = PBXBuildFile; fileRef = C9C6363D1D2A8C4A00BCAC7A /* LaunchScreen.storyboard */; };
		C9C6364A1D2A8C4B00BCAC7A /* EaseMobCustomUI_DemoTests.m in Sources */ = {isa = PBXBuildFile; fileRef = C9C636491D2A8C4B00BCAC7A /* EaseMobCustomUI_DemoTests.m */; };
		C9C636551D2A8C4B00BCAC7A /* EaseMobCustomUI_DemoUITests.m in Sources */ = {isa = PBXBuildFile; fileRef = C9C636541D2A8C4B00BCAC7A /* EaseMobCustomUI_DemoUITests.m */; };
		C9C636D01D2B648D00BCAC7A /* libEaseMobClientSDK.a in Frameworks */ = {isa = PBXBuildFile; fileRef = C9C636CD1D2B648D00BCAC7A /* libEaseMobClientSDK.a */; };
		C9C636D11D2B648E00BCAC7A /* EaseMob.bundle in Resources */ = {isa = PBXBuildFile; fileRef = C9C636CF1D2B648D00BCAC7A /* EaseMob.bundle */; };
		C9C636D31D2B64C200BCAC7A /* MobileCoreServices.framework in Frameworks */ = {isa = PBXBuildFile; fileRef = C9C636D21D2B64C200BCAC7A /* MobileCoreServices.framework */; };
		C9C636D51D2B64CD00BCAC7A /* CFNetwork.framework in Frameworks */ = {isa = PBXBuildFile; fileRef = C9C636D41D2B64CD00BCAC7A /* CFNetwork.framework */; };
		C9C636D71D2B650100BCAC7A /* libsqlite3.tbd in Frameworks */ = {isa = PBXBuildFile; fileRef = C9C636D61D2B650100BCAC7A /* libsqlite3.tbd */; };
		C9C636D91D2B650F00BCAC7A /* libstdc++.6.0.9.tbd in Frameworks */ = {isa = PBXBuildFile; fileRef = C9C636D81D2B650F00BCAC7A /* libstdc++.6.0.9.tbd */; };
		C9C636DB1D2B651A00BCAC7A /* libz.tbd in Frameworks */ = {isa = PBXBuildFile; fileRef = C9C636DA1D2B651A00BCAC7A /* libz.tbd */; };
		C9C636DD1D2B652600BCAC7A /* libiconv.tbd in Frameworks */ = {isa = PBXBuildFile; fileRef = C9C636DC1D2B652600BCAC7A /* libiconv.tbd */; };
		C9C636DF1D2B653300BCAC7A /* libresolv.tbd in Frameworks */ = {isa = PBXBuildFile; fileRef = C9C636DE1D2B653300BCAC7A /* libresolv.tbd */; };
		C9C636E11D2B653E00BCAC7A /* libxml2.tbd in Frameworks */ = {isa = PBXBuildFile; fileRef = C9C636E01D2B653E00BCAC7A /* libxml2.tbd */; };
		C9C636E81D2B78AE00BCAC7A /* Login.storyboard in Resources */ = {isa = PBXBuildFile; fileRef = C9C636E71D2B78AE00BCAC7A /* Login.storyboard */; };
		C9C636ED1D2B7AB200BCAC7A /* XYLoginViewController.m in Sources */ = {isa = PBXBuildFile; fileRef = C9C636EC1D2B7AB200BCAC7A /* XYLoginViewController.m */; };
/* End PBXBuildFile section */

/* Begin PBXContainerItemProxy section */
		C9C636461D2A8C4B00BCAC7A /* PBXContainerItemProxy */ = {
			isa = PBXContainerItemProxy;
			containerPortal = C9C636241D2A8C4A00BCAC7A /* Project object */;
			proxyType = 1;
			remoteGlobalIDString = C9C6362B1D2A8C4A00BCAC7A;
			remoteInfo = EaseMobCustomUI_Demo;
		};
		C9C636511D2A8C4B00BCAC7A /* PBXContainerItemProxy */ = {
			isa = PBXContainerItemProxy;
			containerPortal = C9C636241D2A8C4A00BCAC7A /* Project object */;
			proxyType = 1;
			remoteGlobalIDString = C9C6362B1D2A8C4A00BCAC7A;
			remoteInfo = EaseMobCustomUI_Demo;
		};
/* End PBXContainerItemProxy section */

/* Begin PBXFileReference section */
		C9C6362C1D2A8C4A00BCAC7A /* EaseMobCustomUI_Demo.app */ = {isa = PBXFileReference; explicitFileType = wrapper.application; includeInIndex = 0; path = EaseMobCustomUI_Demo.app; sourceTree = BUILT_PRODUCTS_DIR; };
		C9C636301D2A8C4A00BCAC7A /* main.m */ = {isa = PBXFileReference; lastKnownFileType = sourcecode.c.objc; path = main.m; sourceTree = "<group>"; };
		C9C636321D2A8C4A00BCAC7A /* AppDelegate.h */ = {isa = PBXFileReference; lastKnownFileType = sourcecode.c.h; name = AppDelegate.h; path = ../../AppDelegate.h; sourceTree = "<group>"; };
		C9C636331D2A8C4A00BCAC7A /* AppDelegate.m */ = {isa = PBXFileReference; lastKnownFileType = sourcecode.c.objc; name = AppDelegate.m; path = ../../AppDelegate.m; sourceTree = "<group>"; };
		C9C636391D2A8C4A00BCAC7A /* Base */ = {isa = PBXFileReference; lastKnownFileType = file.storyboard; name = Base; path = Base.lproj/Main.storyboard; sourceTree = "<group>"; };
		C9C6363B1D2A8C4A00BCAC7A /* Assets.xcassets */ = {isa = PBXFileReference; lastKnownFileType = folder.assetcatalog; path = Assets.xcassets; sourceTree = "<group>"; };
		C9C6363E1D2A8C4A00BCAC7A /* Base */ = {isa = PBXFileReference; lastKnownFileType = file.storyboard; name = Base; path = Base.lproj/LaunchScreen.storyboard; sourceTree = "<group>"; };
		C9C636401D2A8C4A00BCAC7A /* Info.plist */ = {isa = PBXFileReference; lastKnownFileType = text.plist.xml; path = Info.plist; sourceTree = "<group>"; };
		C9C636451D2A8C4B00BCAC7A /* EaseMobCustomUI_DemoTests.xctest */ = {isa = PBXFileReference; explicitFileType = wrapper.cfbundle; includeInIndex = 0; path = EaseMobCustomUI_DemoTests.xctest; sourceTree = BUILT_PRODUCTS_DIR; };
		C9C636491D2A8C4B00BCAC7A /* EaseMobCustomUI_DemoTests.m */ = {isa = PBXFileReference; lastKnownFileType = sourcecode.c.objc; path = EaseMobCustomUI_DemoTests.m; sourceTree = "<group>"; };
		C9C6364B1D2A8C4B00BCAC7A /* Info.plist */ = {isa = PBXFileReference; lastKnownFileType = text.plist.xml; path = Info.plist; sourceTree = "<group>"; };
		C9C636501D2A8C4B00BCAC7A /* EaseMobCustomUI_DemoUITests.xctest */ = {isa = PBXFileReference; explicitFileType = wrapper.cfbundle; includeInIndex = 0; path = EaseMobCustomUI_DemoUITests.xctest; sourceTree = BUILT_PRODUCTS_DIR; };
		C9C636541D2A8C4B00BCAC7A /* EaseMobCustomUI_DemoUITests.m */ = {isa = PBXFileReference; lastKnownFileType = sourcecode.c.objc; path = EaseMobCustomUI_DemoUITests.m; sourceTree = "<group>"; };
		C9C636561D2A8C4B00BCAC7A /* Info.plist */ = {isa = PBXFileReference; lastKnownFileType = text.plist.xml; path = Info.plist; sourceTree = "<group>"; };
		C9C636671D2B648D00BCAC7A /* EMCallManagerCallDelegate.h */ = {isa = PBXFileReference; fileEncoding = 4; lastKnownFileType = sourcecode.c.h; path = EMCallManagerCallDelegate.h; sourceTree = "<group>"; };
		C9C636681D2B648D00BCAC7A /* EMCallManagerDelegate.h */ = {isa = PBXFileReference; fileEncoding = 4; lastKnownFileType = sourcecode.c.h; path = EMCallManagerDelegate.h; sourceTree = "<group>"; };
		C9C636691D2B648D00BCAC7A /* EaseMob+CallService.h */ = {isa = PBXFileReference; fileEncoding = 4; lastKnownFileType = sourcecode.c.h; path = "EaseMob+CallService.h"; sourceTree = "<group>"; };
		C9C6366A1D2B648D00BCAC7A /* EMCallServiceDefs.h */ = {isa = PBXFileReference; fileEncoding = 4; lastKnownFileType = sourcecode.c.h; path = EMCallServiceDefs.h; sourceTree = "<group>"; };
		C9C6366B1D2B648D00BCAC7A /* ICallManager.h */ = {isa = PBXFileReference; fileEncoding = 4; lastKnownFileType = sourcecode.c.h; path = ICallManager.h; sourceTree = "<group>"; };
		C9C6366D1D2B648D00BCAC7A /* ICallManagerBase.h */ = {isa = PBXFileReference; fileEncoding = 4; lastKnownFileType = sourcecode.c.h; path = ICallManagerBase.h; sourceTree = "<group>"; };
		C9C6366E1D2B648D00BCAC7A /* ICallManagerCall.h */ = {isa = PBXFileReference; fileEncoding = 4; lastKnownFileType = sourcecode.c.h; path = ICallManagerCall.h; sourceTree = "<group>"; };
		C9C636701D2B648D00BCAC7A /* EMCallSession.h */ = {isa = PBXFileReference; fileEncoding = 4; lastKnownFileType = sourcecode.c.h; path = EMCallSession.h; sourceTree = "<group>"; };
		C9C636711D2B648D00BCAC7A /* IOpenGLView.h */ = {isa = PBXFileReference; fileEncoding = 4; lastKnownFileType = sourcecode.c.h; path = IOpenGLView.h; sourceTree = "<group>"; };
		C9C636721D2B648D00BCAC7A /* OpenGLView20.h */ = {isa = PBXFileReference; fileEncoding = 4; lastKnownFileType = sourcecode.c.h; path = OpenGLView20.h; sourceTree = "<group>"; };
		C9C636761D2B648D00BCAC7A /* IChatManagerDelegate.h */ = {isa = PBXFileReference; fileEncoding = 4; lastKnownFileType = sourcecode.c.h; path = IChatManagerDelegate.h; sourceTree = "<group>"; };
		C9C636781D2B648D00BCAC7A /* EMChatManagerBuddyDelegate.h */ = {isa = PBXFileReference; fileEncoding = 4; lastKnownFileType = sourcecode.c.h; path = EMChatManagerBuddyDelegate.h; sourceTree = "<group>"; };
		C9C636791D2B648D00BCAC7A /* EMChatManagerChatDelegate.h */ = {isa = PBXFileReference; fileEncoding = 4; lastKnownFileType = sourcecode.c.h; path = EMChatManagerChatDelegate.h; sourceTree = "<group>"; };
		C9C6367A1D2B648D00BCAC7A /* EMChatManagerChatroomDelegate.h */ = {isa = PBXFileReference; fileEncoding = 4; lastKnownFileType = sourcecode.c.h; path = EMChatManagerChatroomDelegate.h; sourceTree = "<group>"; };
		C9C6367B1D2B648D00BCAC7A /* EMChatManagerDebugDelegate.h */ = {isa = PBXFileReference; fileEncoding = 4; lastKnownFileType = sourcecode.c.h; path = EMChatManagerDebugDelegate.h; sourceTree = "<group>"; };
		C9C6367C1D2B648D00BCAC7A /* EMChatManagerDelegate.h */ = {isa = PBXFileReference; fileEncoding = 4; lastKnownFileType = sourcecode.c.h; path = EMChatManagerDelegate.h; sourceTree = "<group>"; };
		C9C6367D1D2B648D00BCAC7A /* EMChatManagerDelegateBase.h */ = {isa = PBXFileReference; fileEncoding = 4; lastKnownFileType = sourcecode.c.h; path = EMChatManagerDelegateBase.h; sourceTree = "<group>"; };
		C9C6367E1D2B648D00BCAC7A /* EMChatManagerEncryptionDelegate.h */ = {isa = PBXFileReference; fileEncoding = 4; lastKnownFileType = sourcecode.c.h; path = EMChatManagerEncryptionDelegate.h; sourceTree = "<group>"; };
		C9C6367F1D2B648D00BCAC7A /* EMChatManagerGroupDelegate.h */ = {isa = PBXFileReference; fileEncoding = 4; lastKnownFileType = sourcecode.c.h; path = EMChatManagerGroupDelegate.h; sourceTree = "<group>"; };
		C9C636801D2B648D00BCAC7A /* EMChatManagerLoginDelegate.h */ = {isa = PBXFileReference; fileEncoding = 4; lastKnownFileType = sourcecode.c.h; path = EMChatManagerLoginDelegate.h; sourceTree = "<group>"; };
		C9C636811D2B648D00BCAC7A /* EMChatManagerPushNotificationDelegate.h */ = {isa = PBXFileReference; fileEncoding = 4; lastKnownFileType = sourcecode.c.h; path = EMChatManagerPushNotificationDelegate.h; sourceTree = "<group>"; };
		C9C636821D2B648D00BCAC7A /* EMChatManagerUtilDelegate.h */ = {isa = PBXFileReference; fileEncoding = 4; lastKnownFileType = sourcecode.c.h; path = EMChatManagerUtilDelegate.h; sourceTree = "<group>"; };
		C9C636831D2B648D00BCAC7A /* EMChatManagerDefs.h */ = {isa = PBXFileReference; fileEncoding = 4; lastKnownFileType = sourcecode.c.h; path = EMChatManagerDefs.h; sourceTree = "<group>"; };
		C9C636841D2B648D00BCAC7A /* EMGroupManagerDefs.h */ = {isa = PBXFileReference; fileEncoding = 4; lastKnownFileType = sourcecode.c.h; path = EMGroupManagerDefs.h; sourceTree = "<group>"; };
		C9C636851D2B648D00BCAC7A /* EMPushManagerDefs.h */ = {isa = PBXFileReference; fileEncoding = 4; lastKnownFileType = sourcecode.c.h; path = EMPushManagerDefs.h; sourceTree = "<group>"; };
		C9C636861D2B648D00BCAC7A /* IChatManager.h */ = {isa = PBXFileReference; fileEncoding = 4; lastKnownFileType = sourcecode.c.h; path = IChatManager.h; sourceTree = "<group>"; };
		C9C636881D2B648D00BCAC7A /* IChatManagerBase.h */ = {isa = PBXFileReference; fileEncoding = 4; lastKnownFileType = sourcecode.c.h; path = IChatManagerBase.h; sourceTree = "<group>"; };
		C9C636891D2B648D00BCAC7A /* IChatManagerBuddy.h */ = {isa = PBXFileReference; fileEncoding = 4; lastKnownFileType = sourcecode.c.h; path = IChatManagerBuddy.h; sourceTree = "<group>"; };
		C9C6368A1D2B648D00BCAC7A /* IChatManagerChat.h */ = {isa = PBXFileReference; fileEncoding = 4; lastKnownFileType = sourcecode.c.h; path = IChatManagerChat.h; sourceTree = "<group>"; };
		C9C6368B1D2B648D00BCAC7A /* IChatManagerChatroom.h */ = {isa = PBXFileReference; fileEncoding = 4; lastKnownFileType = sourcecode.c.h; path = IChatManagerChatroom.h; sourceTree = "<group>"; };
		C9C6368C1D2B648D00BCAC7A /* IChatManagerConversation.h */ = {isa = PBXFileReference; fileEncoding = 4; lastKnownFileType = sourcecode.c.h; path = IChatManagerConversation.h; sourceTree = "<group>"; };
		C9C6368D1D2B648D00BCAC7A /* IChatManagerEncryption.h */ = {isa = PBXFileReference; fileEncoding = 4; lastKnownFileType = sourcecode.c.h; path = IChatManagerEncryption.h; sourceTree = "<group>"; };
		C9C6368E1D2B648D00BCAC7A /* IChatManagerGroup.h */ = {isa = PBXFileReference; fileEncoding = 4; lastKnownFileType = sourcecode.c.h; path = IChatManagerGroup.h; sourceTree = "<group>"; };
		C9C6368F1D2B648D00BCAC7A /* IChatManagerLogin.h */ = {isa = PBXFileReference; fileEncoding = 4; lastKnownFileType = sourcecode.c.h; path = IChatManagerLogin.h; sourceTree = "<group>"; };
		C9C636901D2B648D00BCAC7A /* IChatManagerPushNotification.h */ = {isa = PBXFileReference; fileEncoding = 4; lastKnownFileType = sourcecode.c.h; path = IChatManagerPushNotification.h; sourceTree = "<group>"; };
		C9C636911D2B648D00BCAC7A /* IChatManagerRobot.h */ = {isa = PBXFileReference; fileEncoding = 4; lastKnownFileType = sourcecode.c.h; path = IChatManagerRobot.h; sourceTree = "<group>"; };
		C9C636921D2B648D00BCAC7A /* IChatManagerSettingOptions.h */ = {isa = PBXFileReference; fileEncoding = 4; lastKnownFileType = sourcecode.c.h; path = IChatManagerSettingOptions.h; sourceTree = "<group>"; };
		C9C636931D2B648D00BCAC7A /* IChatManagerUtil.h */ = {isa = PBXFileReference; fileEncoding = 4; lastKnownFileType = sourcecode.c.h; path = IChatManagerUtil.h; sourceTree = "<group>"; };
		C9C636951D2B648D00BCAC7A /* EMBuddy.h */ = {isa = PBXFileReference; fileEncoding = 4; lastKnownFileType = sourcecode.c.h; path = EMBuddy.h; sourceTree = "<group>"; };
		C9C636961D2B648D00BCAC7A /* EMChatCommand.h */ = {isa = PBXFileReference; fileEncoding = 4; lastKnownFileType = sourcecode.c.h; path = EMChatCommand.h; sourceTree = "<group>"; };
		C9C636971D2B648D00BCAC7A /* EMChatFile.h */ = {isa = PBXFileReference; fileEncoding = 4; lastKnownFileType = sourcecode.c.h; path = EMChatFile.h; sourceTree = "<group>"; };
		C9C636981D2B648D00BCAC7A /* EMChatImage.h */ = {isa = PBXFileReference; fileEncoding = 4; lastKnownFileType = sourcecode.c.h; path = EMChatImage.h; sourceTree = "<group>"; };
		C9C636991D2B648D00BCAC7A /* EMChatLocation.h */ = {isa = PBXFileReference; fileEncoding = 4; lastKnownFileType = sourcecode.c.h; path = EMChatLocation.h; sourceTree = "<group>"; };
		C9C6369A1D2B648D00BCAC7A /* EMChatroom.h */ = {isa = PBXFileReference; fileEncoding = 4; lastKnownFileType = sourcecode.c.h; path = EMChatroom.h; sourceTree = "<group>"; };
		C9C6369B1D2B648D00BCAC7A /* EMChatText.h */ = {isa = PBXFileReference; fileEncoding = 4; lastKnownFileType = sourcecode.c.h; path = EMChatText.h; sourceTree = "<group>"; };
		C9C6369C1D2B648D00BCAC7A /* EMChatVideo.h */ = {isa = PBXFileReference; fileEncoding = 4; lastKnownFileType = sourcecode.c.h; path = EMChatVideo.h; sourceTree = "<group>"; };
		C9C6369D1D2B648D00BCAC7A /* EMChatVoice.h */ = {isa = PBXFileReference; fileEncoding = 4; lastKnownFileType = sourcecode.c.h; path = EMChatVoice.h; sourceTree = "<group>"; };
		C9C6369E1D2B648D00BCAC7A /* EMCommandMessageBody.h */ = {isa = PBXFileReference; fileEncoding = 4; lastKnownFileType = sourcecode.c.h; path = EMCommandMessageBody.h; sourceTree = "<group>"; };
		C9C6369F1D2B648D00BCAC7A /* EMConversation.h */ = {isa = PBXFileReference; fileEncoding = 4; lastKnownFileType = sourcecode.c.h; path = EMConversation.h; sourceTree = "<group>"; };
		C9C636A01D2B648D00BCAC7A /* EMCursorResult.h */ = {isa = PBXFileReference; fileEncoding = 4; lastKnownFileType = sourcecode.c.h; path = EMCursorResult.h; sourceTree = "<group>"; };
		C9C636A11D2B648D00BCAC7A /* EMFileMessageBody.h */ = {isa = PBXFileReference; fileEncoding = 4; lastKnownFileType = sourcecode.c.h; path = EMFileMessageBody.h; sourceTree = "<group>"; };
		C9C636A21D2B648D00BCAC7A /* EMGroup.h */ = {isa = PBXFileReference; fileEncoding = 4; lastKnownFileType = sourcecode.c.h; path = EMGroup.h; sourceTree = "<group>"; };
		C9C636A31D2B648D00BCAC7A /* EMGroupStyleSetting.h */ = {isa = PBXFileReference; fileEncoding = 4; lastKnownFileType = sourcecode.c.h; path = EMGroupStyleSetting.h; sourceTree = "<group>"; };
		C9C636A41D2B648D00BCAC7A /* EMImageMessageBody.h */ = {isa = PBXFileReference; fileEncoding = 4; lastKnownFileType = sourcecode.c.h; path = EMImageMessageBody.h; sourceTree = "<group>"; };
		C9C636A51D2B648D00BCAC7A /* EMLocationMessageBody.h */ = {isa = PBXFileReference; fileEncoding = 4; lastKnownFileType = sourcecode.c.h; path = EMLocationMessageBody.h; sourceTree = "<group>"; };
		C9C636A61D2B648D00BCAC7A /* EMMessage.h */ = {isa = PBXFileReference; fileEncoding = 4; lastKnownFileType = sourcecode.c.h; path = EMMessage.h; sourceTree = "<group>"; };
		C9C636A71D2B648D00BCAC7A /* EMPushNotificationOptions.h */ = {isa = PBXFileReference; fileEncoding = 4; lastKnownFileType = sourcecode.c.h; path = EMPushNotificationOptions.h; sourceTree = "<group>"; };
		C9C636A81D2B648D00BCAC7A /* EMReceipt.h */ = {isa = PBXFileReference; fileEncoding = 4; lastKnownFileType = sourcecode.c.h; path = EMReceipt.h; sourceTree = "<group>"; };
		C9C636A91D2B648D00BCAC7A /* EMReceiptBase.h */ = {isa = PBXFileReference; fileEncoding = 4; lastKnownFileType = sourcecode.c.h; path = EMReceiptBase.h; sourceTree = "<group>"; };
		C9C636AA1D2B648D00BCAC7A /* EMRobot.h */ = {isa = PBXFileReference; fileEncoding = 4; lastKnownFileType = sourcecode.c.h; path = EMRobot.h; sourceTree = "<group>"; };
		C9C636AB1D2B648D00BCAC7A /* EMTextMessageBody.h */ = {isa = PBXFileReference; fileEncoding = 4; lastKnownFileType = sourcecode.c.h; path = EMTextMessageBody.h; sourceTree = "<group>"; };
		C9C636AC1D2B648D00BCAC7A /* EMVideoMessageBody.h */ = {isa = PBXFileReference; fileEncoding = 4; lastKnownFileType = sourcecode.c.h; path = EMVideoMessageBody.h; sourceTree = "<group>"; };
		C9C636AD1D2B648D00BCAC7A /* EMVoiceMessageBody.h */ = {isa = PBXFileReference; fileEncoding = 4; lastKnownFileType = sourcecode.c.h; path = EMVoiceMessageBody.h; sourceTree = "<group>"; };
		C9C636AE1D2B648D00BCAC7A /* IChatImageOptions.h */ = {isa = PBXFileReference; fileEncoding = 4; lastKnownFileType = sourcecode.c.h; path = IChatImageOptions.h; sourceTree = "<group>"; };
		C9C636AF1D2B648D00BCAC7A /* IEMChatCryptor.h */ = {isa = PBXFileReference; fileEncoding = 4; lastKnownFileType = sourcecode.c.h; path = IEMChatCryptor.h; sourceTree = "<group>"; };
		C9C636B01D2B648D00BCAC7A /* IEMChatFile.h */ = {isa = PBXFileReference; fileEncoding = 4; lastKnownFileType = sourcecode.c.h; path = IEMChatFile.h; sourceTree = "<group>"; };
		C9C636B11D2B648D00BCAC7A /* IEMChatObject.h */ = {isa = PBXFileReference; fileEncoding = 4; lastKnownFileType = sourcecode.c.h; path = IEMChatObject.h; sourceTree = "<group>"; };
		C9C636B21D2B648D00BCAC7A /* IEMChatProgressDelegate.h */ = {isa = PBXFileReference; fileEncoding = 4; lastKnownFileType = sourcecode.c.h; path = IEMChatProgressDelegate.h; sourceTree = "<group>"; };
		C9C636B31D2B648D00BCAC7A /* IEMFileMessageBody.h */ = {isa = PBXFileReference; fileEncoding = 4; lastKnownFileType = sourcecode.c.h; path = IEMFileMessageBody.h; sourceTree = "<group>"; };
		C9C636B41D2B648D00BCAC7A /* IEMMessageBody.h */ = {isa = PBXFileReference; fileEncoding = 4; lastKnownFileType = sourcecode.c.h; path = IEMMessageBody.h; sourceTree = "<group>"; };
		C9C636B61D2B648D00BCAC7A /* EaseMob.h */ = {isa = PBXFileReference; fileEncoding = 4; lastKnownFileType = sourcecode.c.h; path = EaseMob.h; sourceTree = "<group>"; };
		C9C636B71D2B648D00BCAC7A /* EaseMobHeaders.h */ = {isa = PBXFileReference; fileEncoding = 4; lastKnownFileType = sourcecode.c.h; path = EaseMobHeaders.h; sourceTree = "<group>"; };
		C9C636BC1D2B648D00BCAC7A /* commonDefs.h */ = {isa = PBXFileReference; fileEncoding = 4; lastKnownFileType = sourcecode.c.h; path = commonDefs.h; sourceTree = "<group>"; };
		C9C636BF1D2B648D00BCAC7A /* IDeviceManagerDelegate.h */ = {isa = PBXFileReference; fileEncoding = 4; lastKnownFileType = sourcecode.c.h; path = IDeviceManagerDelegate.h; sourceTree = "<group>"; };
		C9C636C11D2B648D00BCAC7A /* EMDeviceManagerDelegate.h */ = {isa = PBXFileReference; fileEncoding = 4; lastKnownFileType = sourcecode.c.h; path = EMDeviceManagerDelegate.h; sourceTree = "<group>"; };
		C9C636C21D2B648D00BCAC7A /* EMDeviceManagerDelegateBase.h */ = {isa = PBXFileReference; fileEncoding = 4; lastKnownFileType = sourcecode.c.h; path = EMDeviceManagerDelegateBase.h; sourceTree = "<group>"; };
		C9C636C31D2B648D00BCAC7A /* EMDeviceManagerNetworkDelegate.h */ = {isa = PBXFileReference; fileEncoding = 4; lastKnownFileType = sourcecode.c.h; path = EMDeviceManagerNetworkDelegate.h; sourceTree = "<group>"; };
		C9C636C41D2B648D00BCAC7A /* EMDeviceManagerDefs.h */ = {isa = PBXFileReference; fileEncoding = 4; lastKnownFileType = sourcecode.c.h; path = EMDeviceManagerDefs.h; sourceTree = "<group>"; };
		C9C636C51D2B648D00BCAC7A /* IDeviceManager.h */ = {isa = PBXFileReference; fileEncoding = 4; lastKnownFileType = sourcecode.c.h; path = IDeviceManager.h; sourceTree = "<group>"; };
		C9C636C71D2B648D00BCAC7A /* IDeviceManagerBase.h */ = {isa = PBXFileReference; fileEncoding = 4; lastKnownFileType = sourcecode.c.h; path = IDeviceManagerBase.h; sourceTree = "<group>"; };
		C9C636C81D2B648D00BCAC7A /* EMNetworkMonitorDefs.h */ = {isa = PBXFileReference; fileEncoding = 4; lastKnownFileType = sourcecode.c.h; path = EMNetworkMonitorDefs.h; sourceTree = "<group>"; };
		C9C636CA1D2B648D00BCAC7A /* EMError.h */ = {isa = PBXFileReference; fileEncoding = 4; lastKnownFileType = sourcecode.c.h; path = EMError.h; sourceTree = "<group>"; };
		C9C636CB1D2B648D00BCAC7A /* EMErrorDefs.h */ = {isa = PBXFileReference; fileEncoding = 4; lastKnownFileType = sourcecode.c.h; path = EMErrorDefs.h; sourceTree = "<group>"; };
		C9C636CD1D2B648D00BCAC7A /* libEaseMobClientSDK.a */ = {isa = PBXFileReference; lastKnownFileType = archive.ar; path = libEaseMobClientSDK.a; sourceTree = "<group>"; };
		C9C636CF1D2B648D00BCAC7A /* EaseMob.bundle */ = {isa = PBXFileReference; lastKnownFileType = "wrapper.plug-in"; path = EaseMob.bundle; sourceTree = "<group>"; };
		C9C636D21D2B64C200BCAC7A /* MobileCoreServices.framework */ = {isa = PBXFileReference; lastKnownFileType = wrapper.framework; name = MobileCoreServices.framework; path = System/Library/Frameworks/MobileCoreServices.framework; sourceTree = SDKROOT; };
		C9C636D41D2B64CD00BCAC7A /* CFNetwork.framework */ = {isa = PBXFileReference; lastKnownFileType = wrapper.framework; name = CFNetwork.framework; path = System/Library/Frameworks/CFNetwork.framework; sourceTree = SDKROOT; };
		C9C636D61D2B650100BCAC7A /* libsqlite3.tbd */ = {isa = PBXFileReference; lastKnownFileType = "sourcecode.text-based-dylib-definition"; name = libsqlite3.tbd; path = usr/lib/libsqlite3.tbd; sourceTree = SDKROOT; };
		C9C636D81D2B650F00BCAC7A /* libstdc++.6.0.9.tbd */ = {isa = PBXFileReference; lastKnownFileType = "sourcecode.text-based-dylib-definition"; name = "libstdc++.6.0.9.tbd"; path = "usr/lib/libstdc++.6.0.9.tbd"; sourceTree = SDKROOT; };
		C9C636DA1D2B651A00BCAC7A /* libz.tbd */ = {isa = PBXFileReference; lastKnownFileType = "sourcecode.text-based-dylib-definition"; name = libz.tbd; path = usr/lib/libz.tbd; sourceTree = SDKROOT; };
		C9C636DC1D2B652600BCAC7A /* libiconv.tbd */ = {isa = PBXFileReference; lastKnownFileType = "sourcecode.text-based-dylib-definition"; name = libiconv.tbd; path = usr/lib/libiconv.tbd; sourceTree = SDKROOT; };
		C9C636DE1D2B653300BCAC7A /* libresolv.tbd */ = {isa = PBXFileReference; lastKnownFileType = "sourcecode.text-based-dylib-definition"; name = libresolv.tbd; path = usr/lib/libresolv.tbd; sourceTree = SDKROOT; };
		C9C636E01D2B653E00BCAC7A /* libxml2.tbd */ = {isa = PBXFileReference; lastKnownFileType = "sourcecode.text-based-dylib-definition"; name = libxml2.tbd; path = usr/lib/libxml2.tbd; sourceTree = SDKROOT; };
		C9C636E71D2B78AE00BCAC7A /* Login.storyboard */ = {isa = PBXFileReference; fileEncoding = 4; lastKnownFileType = file.storyboard; path = Login.storyboard; sourceTree = "<group>"; };
		C9C636EB1D2B7AB200BCAC7A /* XYLoginViewController.h */ = {isa = PBXFileReference; fileEncoding = 4; lastKnownFileType = sourcecode.c.h; path = XYLoginViewController.h; sourceTree = "<group>"; };
		C9C636EC1D2B7AB200BCAC7A /* XYLoginViewController.m */ = {isa = PBXFileReference; fileEncoding = 4; lastKnownFileType = sourcecode.c.objc; path = XYLoginViewController.m; sourceTree = "<group>"; };
/* End PBXFileReference section */

/* Begin PBXFrameworksBuildPhase section */
		C9C636291D2A8C4A00BCAC7A /* Frameworks */ = {
			isa = PBXFrameworksBuildPhase;
			buildActionMask = 2147483647;
			files = (
				C9C636E11D2B653E00BCAC7A /* libxml2.tbd in Frameworks */,
				C9C636DF1D2B653300BCAC7A /* libresolv.tbd in Frameworks */,
				C9C636DD1D2B652600BCAC7A /* libiconv.tbd in Frameworks */,
				C9C636DB1D2B651A00BCAC7A /* libz.tbd in Frameworks */,
				C9C636D91D2B650F00BCAC7A /* libstdc++.6.0.9.tbd in Frameworks */,
				C9C636D71D2B650100BCAC7A /* libsqlite3.tbd in Frameworks */,
				C9C636D51D2B64CD00BCAC7A /* CFNetwork.framework in Frameworks */,
				C9C636D31D2B64C200BCAC7A /* MobileCoreServices.framework in Frameworks */,
				C9C636D01D2B648D00BCAC7A /* libEaseMobClientSDK.a in Frameworks */,
			);
			runOnlyForDeploymentPostprocessing = 0;
		};
		C9C636421D2A8C4B00BCAC7A /* Frameworks */ = {
			isa = PBXFrameworksBuildPhase;
			buildActionMask = 2147483647;
			files = (
			);
			runOnlyForDeploymentPostprocessing = 0;
		};
		C9C6364D1D2A8C4B00BCAC7A /* Frameworks */ = {
			isa = PBXFrameworksBuildPhase;
			buildActionMask = 2147483647;
			files = (
			);
			runOnlyForDeploymentPostprocessing = 0;
		};
/* End PBXFrameworksBuildPhase section */

/* Begin PBXGroup section */
		C9C636231D2A8C4A00BCAC7A = {
			isa = PBXGroup;
			children = (
				C9C636E61D2B67C800BCAC7A /* Dependencies */,
				C9C6362E1D2A8C4A00BCAC7A /* EaseMobCustomUI_Demo */,
				C9C636481D2A8C4B00BCAC7A /* EaseMobCustomUI_DemoTests */,
				C9C636531D2A8C4B00BCAC7A /* EaseMobCustomUI_DemoUITests */,
				C9C6362D1D2A8C4A00BCAC7A /* Products */,
			);
			sourceTree = "<group>";
		};
		C9C6362D1D2A8C4A00BCAC7A /* Products */ = {
			isa = PBXGroup;
			children = (
				C9C6362C1D2A8C4A00BCAC7A /* EaseMobCustomUI_Demo.app */,
				C9C636451D2A8C4B00BCAC7A /* EaseMobCustomUI_DemoTests.xctest */,
				C9C636501D2A8C4B00BCAC7A /* EaseMobCustomUI_DemoUITests.xctest */,
			);
			name = Products;
			sourceTree = "<group>";
		};
		C9C6362E1D2A8C4A00BCAC7A /* EaseMobCustomUI_Demo */ = {
			isa = PBXGroup;
			children = (
				C9C636E21D2B667400BCAC7A /* Classes */,
				C9C6363B1D2A8C4A00BCAC7A /* Assets.xcassets */,
				C9C636401D2A8C4A00BCAC7A /* Info.plist */,
				C9C6362F1D2A8C4A00BCAC7A /* Supporting Files */,
			);
			path = EaseMobCustomUI_Demo;
			sourceTree = "<group>";
		};
		C9C6362F1D2A8C4A00BCAC7A /* Supporting Files */ = {
			isa = PBXGroup;
			children = (
				C9C636301D2A8C4A00BCAC7A /* main.m */,
			);
			name = "Supporting Files";
			sourceTree = "<group>";
		};
		C9C636481D2A8C4B00BCAC7A /* EaseMobCustomUI_DemoTests */ = {
			isa = PBXGroup;
			children = (
				C9C636491D2A8C4B00BCAC7A /* EaseMobCustomUI_DemoTests.m */,
				C9C6364B1D2A8C4B00BCAC7A /* Info.plist */,
			);
			path = EaseMobCustomUI_DemoTests;
			sourceTree = "<group>";
		};
		C9C636531D2A8C4B00BCAC7A /* EaseMobCustomUI_DemoUITests */ = {
			isa = PBXGroup;
			children = (
				C9C636541D2A8C4B00BCAC7A /* EaseMobCustomUI_DemoUITests.m */,
				C9C636561D2A8C4B00BCAC7A /* Info.plist */,
			);
			path = EaseMobCustomUI_DemoUITests;
			sourceTree = "<group>";
		};
		C9C636621D2B648D00BCAC7A /* EaseMobSDK */ = {
			isa = PBXGroup;
			children = (
				C9C636631D2B648D00BCAC7A /* include */,
				C9C636CC1D2B648D00BCAC7A /* lib */,
				C9C636CE1D2B648D00BCAC7A /* resources */,
			);
			name = EaseMobSDK;
			path = ../../EaseMobSDK;
			sourceTree = "<group>";
		};
		C9C636631D2B648D00BCAC7A /* include */ = {
			isa = PBXGroup;
			children = (
				C9C636641D2B648D00BCAC7A /* CallService */,
				C9C636731D2B648D00BCAC7A /* ChatService */,
				C9C636B51D2B648D00BCAC7A /* EaseMobClientSDK */,
				C9C636BB1D2B648D00BCAC7A /* Utility */,
			);
			path = include;
			sourceTree = "<group>";
		};
		C9C636641D2B648D00BCAC7A /* CallService */ = {
			isa = PBXGroup;
			children = (
				C9C636651D2B648D00BCAC7A /* EMCallManager */,
			);
			path = CallService;
			sourceTree = "<group>";
		};
		C9C636651D2B648D00BCAC7A /* EMCallManager */ = {
			isa = PBXGroup;
			children = (
				C9C636661D2B648D00BCAC7A /* delegates */,
				C9C636691D2B648D00BCAC7A /* EaseMob+CallService.h */,
				C9C6366A1D2B648D00BCAC7A /* EMCallServiceDefs.h */,
				C9C6366B1D2B648D00BCAC7A /* ICallManager.h */,
				C9C6366C1D2B648D00BCAC7A /* internal */,
				C9C6366F1D2B648D00BCAC7A /* types */,
			);
			path = EMCallManager;
			sourceTree = "<group>";
		};
		C9C636661D2B648D00BCAC7A /* delegates */ = {
			isa = PBXGroup;
			children = (
				C9C636671D2B648D00BCAC7A /* EMCallManagerCallDelegate.h */,
				C9C636681D2B648D00BCAC7A /* EMCallManagerDelegate.h */,
			);
			path = delegates;
			sourceTree = "<group>";
		};
		C9C6366C1D2B648D00BCAC7A /* internal */ = {
			isa = PBXGroup;
			children = (
				C9C6366D1D2B648D00BCAC7A /* ICallManagerBase.h */,
				C9C6366E1D2B648D00BCAC7A /* ICallManagerCall.h */,
			);
			path = internal;
			sourceTree = "<group>";
		};
		C9C6366F1D2B648D00BCAC7A /* types */ = {
			isa = PBXGroup;
			children = (
				C9C636701D2B648D00BCAC7A /* EMCallSession.h */,
				C9C636711D2B648D00BCAC7A /* IOpenGLView.h */,
				C9C636721D2B648D00BCAC7A /* OpenGLView20.h */,
			);
			path = types;
			sourceTree = "<group>";
		};
		C9C636731D2B648D00BCAC7A /* ChatService */ = {
			isa = PBXGroup;
			children = (
				C9C636741D2B648D00BCAC7A /* EMChatManager */,
			);
			path = ChatService;
			sourceTree = "<group>";
		};
		C9C636741D2B648D00BCAC7A /* EMChatManager */ = {
			isa = PBXGroup;
			children = (
				C9C636751D2B648D00BCAC7A /* delegates */,
				C9C636831D2B648D00BCAC7A /* EMChatManagerDefs.h */,
				C9C636841D2B648D00BCAC7A /* EMGroupManagerDefs.h */,
				C9C636851D2B648D00BCAC7A /* EMPushManagerDefs.h */,
				C9C636861D2B648D00BCAC7A /* IChatManager.h */,
				C9C636871D2B648D00BCAC7A /* internal */,
				C9C636941D2B648D00BCAC7A /* types */,
			);
			path = EMChatManager;
			sourceTree = "<group>";
		};
		C9C636751D2B648D00BCAC7A /* delegates */ = {
			isa = PBXGroup;
			children = (
				C9C636761D2B648D00BCAC7A /* IChatManagerDelegate.h */,
				C9C636771D2B648D00BCAC7A /* internal */,
			);
			path = delegates;
			sourceTree = "<group>";
		};
		C9C636771D2B648D00BCAC7A /* internal */ = {
			isa = PBXGroup;
			children = (
				C9C636781D2B648D00BCAC7A /* EMChatManagerBuddyDelegate.h */,
				C9C636791D2B648D00BCAC7A /* EMChatManagerChatDelegate.h */,
				C9C6367A1D2B648D00BCAC7A /* EMChatManagerChatroomDelegate.h */,
				C9C6367B1D2B648D00BCAC7A /* EMChatManagerDebugDelegate.h */,
				C9C6367C1D2B648D00BCAC7A /* EMChatManagerDelegate.h */,
				C9C6367D1D2B648D00BCAC7A /* EMChatManagerDelegateBase.h */,
				C9C6367E1D2B648D00BCAC7A /* EMChatManagerEncryptionDelegate.h */,
				C9C6367F1D2B648D00BCAC7A /* EMChatManagerGroupDelegate.h */,
				C9C636801D2B648D00BCAC7A /* EMChatManagerLoginDelegate.h */,
				C9C636811D2B648D00BCAC7A /* EMChatManagerPushNotificationDelegate.h */,
				C9C636821D2B648D00BCAC7A /* EMChatManagerUtilDelegate.h */,
			);
			path = internal;
			sourceTree = "<group>";
		};
		C9C636871D2B648D00BCAC7A /* internal */ = {
			isa = PBXGroup;
			children = (
				C9C636881D2B648D00BCAC7A /* IChatManagerBase.h */,
				C9C636891D2B648D00BCAC7A /* IChatManagerBuddy.h */,
				C9C6368A1D2B648D00BCAC7A /* IChatManagerChat.h */,
				C9C6368B1D2B648D00BCAC7A /* IChatManagerChatroom.h */,
				C9C6368C1D2B648D00BCAC7A /* IChatManagerConversation.h */,
				C9C6368D1D2B648D00BCAC7A /* IChatManagerEncryption.h */,
				C9C6368E1D2B648D00BCAC7A /* IChatManagerGroup.h */,
				C9C6368F1D2B648D00BCAC7A /* IChatManagerLogin.h */,
				C9C636901D2B648D00BCAC7A /* IChatManagerPushNotification.h */,
				C9C636911D2B648D00BCAC7A /* IChatManagerRobot.h */,
				C9C636921D2B648D00BCAC7A /* IChatManagerSettingOptions.h */,
				C9C636931D2B648D00BCAC7A /* IChatManagerUtil.h */,
			);
			path = internal;
			sourceTree = "<group>";
		};
		C9C636941D2B648D00BCAC7A /* types */ = {
			isa = PBXGroup;
			children = (
				C9C636951D2B648D00BCAC7A /* EMBuddy.h */,
				C9C636961D2B648D00BCAC7A /* EMChatCommand.h */,
				C9C636971D2B648D00BCAC7A /* EMChatFile.h */,
				C9C636981D2B648D00BCAC7A /* EMChatImage.h */,
				C9C636991D2B648D00BCAC7A /* EMChatLocation.h */,
				C9C6369A1D2B648D00BCAC7A /* EMChatroom.h */,
				C9C6369B1D2B648D00BCAC7A /* EMChatText.h */,
				C9C6369C1D2B648D00BCAC7A /* EMChatVideo.h */,
				C9C6369D1D2B648D00BCAC7A /* EMChatVoice.h */,
				C9C6369E1D2B648D00BCAC7A /* EMCommandMessageBody.h */,
				C9C6369F1D2B648D00BCAC7A /* EMConversation.h */,
				C9C636A01D2B648D00BCAC7A /* EMCursorResult.h */,
				C9C636A11D2B648D00BCAC7A /* EMFileMessageBody.h */,
				C9C636A21D2B648D00BCAC7A /* EMGroup.h */,
				C9C636A31D2B648D00BCAC7A /* EMGroupStyleSetting.h */,
				C9C636A41D2B648D00BCAC7A /* EMImageMessageBody.h */,
				C9C636A51D2B648D00BCAC7A /* EMLocationMessageBody.h */,
				C9C636A61D2B648D00BCAC7A /* EMMessage.h */,
				C9C636A71D2B648D00BCAC7A /* EMPushNotificationOptions.h */,
				C9C636A81D2B648D00BCAC7A /* EMReceipt.h */,
				C9C636A91D2B648D00BCAC7A /* EMReceiptBase.h */,
				C9C636AA1D2B648D00BCAC7A /* EMRobot.h */,
				C9C636AB1D2B648D00BCAC7A /* EMTextMessageBody.h */,
				C9C636AC1D2B648D00BCAC7A /* EMVideoMessageBody.h */,
				C9C636AD1D2B648D00BCAC7A /* EMVoiceMessageBody.h */,
				C9C636AE1D2B648D00BCAC7A /* IChatImageOptions.h */,
				C9C636AF1D2B648D00BCAC7A /* IEMChatCryptor.h */,
				C9C636B01D2B648D00BCAC7A /* IEMChatFile.h */,
				C9C636B11D2B648D00BCAC7A /* IEMChatObject.h */,
				C9C636B21D2B648D00BCAC7A /* IEMChatProgressDelegate.h */,
				C9C636B31D2B648D00BCAC7A /* IEMFileMessageBody.h */,
				C9C636B41D2B648D00BCAC7A /* IEMMessageBody.h */,
			);
			path = types;
			sourceTree = "<group>";
		};
		C9C636B51D2B648D00BCAC7A /* EaseMobClientSDK */ = {
			isa = PBXGroup;
			children = (
				C9C636B61D2B648D00BCAC7A /* EaseMob.h */,
				C9C636B71D2B648D00BCAC7A /* EaseMobHeaders.h */,
			);
			path = EaseMobClientSDK;
			sourceTree = "<group>";
		};
		C9C636BB1D2B648D00BCAC7A /* Utility */ = {
			isa = PBXGroup;
			children = (
				C9C636BC1D2B648D00BCAC7A /* commonDefs.h */,
				C9C636BD1D2B648D00BCAC7A /* EMDeviceManager */,
				C9C636C81D2B648D00BCAC7A /* EMNetworkMonitorDefs.h */,
				C9C636C91D2B648D00BCAC7A /* ErrorManager */,
			);
			path = Utility;
			sourceTree = "<group>";
		};
		C9C636BD1D2B648D00BCAC7A /* EMDeviceManager */ = {
			isa = PBXGroup;
			children = (
				C9C636BE1D2B648D00BCAC7A /* delegates */,
				C9C636C41D2B648D00BCAC7A /* EMDeviceManagerDefs.h */,
				C9C636C51D2B648D00BCAC7A /* IDeviceManager.h */,
				C9C636C61D2B648D00BCAC7A /* internal */,
			);
			path = EMDeviceManager;
			sourceTree = "<group>";
		};
		C9C636BE1D2B648D00BCAC7A /* delegates */ = {
			isa = PBXGroup;
			children = (
				C9C636BF1D2B648D00BCAC7A /* IDeviceManagerDelegate.h */,
				C9C636C01D2B648D00BCAC7A /* internal */,
			);
			path = delegates;
			sourceTree = "<group>";
		};
		C9C636C01D2B648D00BCAC7A /* internal */ = {
			isa = PBXGroup;
			children = (
				C9C636C11D2B648D00BCAC7A /* EMDeviceManagerDelegate.h */,
				C9C636C21D2B648D00BCAC7A /* EMDeviceManagerDelegateBase.h */,
				C9C636C31D2B648D00BCAC7A /* EMDeviceManagerNetworkDelegate.h */,
			);
			path = internal;
			sourceTree = "<group>";
		};
		C9C636C61D2B648D00BCAC7A /* internal */ = {
			isa = PBXGroup;
			children = (
				C9C636C71D2B648D00BCAC7A /* IDeviceManagerBase.h */,
			);
			path = internal;
			sourceTree = "<group>";
		};
		C9C636C91D2B648D00BCAC7A /* ErrorManager */ = {
			isa = PBXGroup;
			children = (
				C9C636CA1D2B648D00BCAC7A /* EMError.h */,
				C9C636CB1D2B648D00BCAC7A /* EMErrorDefs.h */,
			);
			path = ErrorManager;
			sourceTree = "<group>";
		};
		C9C636CC1D2B648D00BCAC7A /* lib */ = {
			isa = PBXGroup;
			children = (
				C9C636CD1D2B648D00BCAC7A /* libEaseMobClientSDK.a */,
			);
			path = lib;
			sourceTree = "<group>";
		};
		C9C636CE1D2B648D00BCAC7A /* resources */ = {
			isa = PBXGroup;
			children = (
				C9C636CF1D2B648D00BCAC7A /* EaseMob.bundle */,
			);
			path = resources;
			sourceTree = "<group>";
		};
		C9C636E21D2B667400BCAC7A /* Classes */ = {
			isa = PBXGroup;
			children = (
				C9C636E91D2B7A8400BCAC7A /* Login */,
				C9C636E51D2B66F700BCAC7A /* Lib */,
				C9C636E41D2B66D000BCAC7A /* Xib */,
				C9C636E31D2B669B00BCAC7A /* Others */,
			);
			path = Classes;
			sourceTree = "<group>";
		};
		C9C636E31D2B669B00BCAC7A /* Others */ = {
			isa = PBXGroup;
			children = (
				C9C636321D2A8C4A00BCAC7A /* AppDelegate.h */,
				C9C636331D2A8C4A00BCAC7A /* AppDelegate.m */,
			);
			path = Others;
			sourceTree = "<group>";
		};
		C9C636E41D2B66D000BCAC7A /* Xib */ = {
			isa = PBXGroup;
			children = (
				C9C636381D2A8C4A00BCAC7A /* Main.storyboard */,
				C9C6363D1D2A8C4A00BCAC7A /* LaunchScreen.storyboard */,
				C9C636E71D2B78AE00BCAC7A /* Login.storyboard */,
			);
			path = Xib;
			sourceTree = "<group>";
		};
		C9C636E51D2B66F700BCAC7A /* Lib */ = {
			isa = PBXGroup;
			children = (
				C9C636621D2B648D00BCAC7A /* EaseMobSDK */,
			);
			path = Lib;
			sourceTree = "<group>";
		};
		C9C636E61D2B67C800BCAC7A /* Dependencies */ = {
			isa = PBXGroup;
			children = (
				C9C636E01D2B653E00BCAC7A /* libxml2.tbd */,
				C9C636DE1D2B653300BCAC7A /* libresolv.tbd */,
				C9C636DC1D2B652600BCAC7A /* libiconv.tbd */,
				C9C636DA1D2B651A00BCAC7A /* libz.tbd */,
				C9C636D81D2B650F00BCAC7A /* libstdc++.6.0.9.tbd */,
				C9C636D61D2B650100BCAC7A /* libsqlite3.tbd */,
				C9C636D41D2B64CD00BCAC7A /* CFNetwork.framework */,
				C9C636D21D2B64C200BCAC7A /* MobileCoreServices.framework */,
			);
			path = Dependencies;
			sourceTree = "<group>";
		};
		C9C636E91D2B7A8400BCAC7A /* Login */ = {
			isa = PBXGroup;
			children = (
				C9C636EA1D2B7A9A00BCAC7A /* Controller */,
			);
			path = Login;
			sourceTree = "<group>";
		};
		C9C636EA1D2B7A9A00BCAC7A /* Controller */ = {
			isa = PBXGroup;
			children = (
				C9C636EB1D2B7AB200BCAC7A /* XYLoginViewController.h */,
				C9C636EC1D2B7AB200BCAC7A /* XYLoginViewController.m */,
			);
			path = Controller;
			sourceTree = "<group>";
		};
/* End PBXGroup section */

/* Begin PBXNativeTarget section */
		C9C6362B1D2A8C4A00BCAC7A /* EaseMobCustomUI_Demo */ = {
			isa = PBXNativeTarget;
			buildConfigurationList = C9C636591D2A8C4B00BCAC7A /* Build configuration list for PBXNativeTarget "EaseMobCustomUI_Demo" */;
			buildPhases = (
				C9C636281D2A8C4A00BCAC7A /* Sources */,
				C9C636291D2A8C4A00BCAC7A /* Frameworks */,
				C9C6362A1D2A8C4A00BCAC7A /* Resources */,
			);
			buildRules = (
			);
			dependencies = (
			);
			name = EaseMobCustomUI_Demo;
			productName = EaseMobCustomUI_Demo;
			productReference = C9C6362C1D2A8C4A00BCAC7A /* EaseMobCustomUI_Demo.app */;
			productType = "com.apple.product-type.application";
		};
		C9C636441D2A8C4B00BCAC7A /* EaseMobCustomUI_DemoTests */ = {
			isa = PBXNativeTarget;
			buildConfigurationList = C9C6365C1D2A8C4B00BCAC7A /* Build configuration list for PBXNativeTarget "EaseMobCustomUI_DemoTests" */;
			buildPhases = (
				C9C636411D2A8C4B00BCAC7A /* Sources */,
				C9C636421D2A8C4B00BCAC7A /* Frameworks */,
				C9C636431D2A8C4B00BCAC7A /* Resources */,
			);
			buildRules = (
			);
			dependencies = (
				C9C636471D2A8C4B00BCAC7A /* PBXTargetDependency */,
			);
			name = EaseMobCustomUI_DemoTests;
			productName = EaseMobCustomUI_DemoTests;
			productReference = C9C636451D2A8C4B00BCAC7A /* EaseMobCustomUI_DemoTests.xctest */;
			productType = "com.apple.product-type.bundle.unit-test";
		};
		C9C6364F1D2A8C4B00BCAC7A /* EaseMobCustomUI_DemoUITests */ = {
			isa = PBXNativeTarget;
			buildConfigurationList = C9C6365F1D2A8C4B00BCAC7A /* Build configuration list for PBXNativeTarget "EaseMobCustomUI_DemoUITests" */;
			buildPhases = (
				C9C6364C1D2A8C4B00BCAC7A /* Sources */,
				C9C6364D1D2A8C4B00BCAC7A /* Frameworks */,
				C9C6364E1D2A8C4B00BCAC7A /* Resources */,
			);
			buildRules = (
			);
			dependencies = (
				C9C636521D2A8C4B00BCAC7A /* PBXTargetDependency */,
			);
			name = EaseMobCustomUI_DemoUITests;
			productName = EaseMobCustomUI_DemoUITests;
			productReference = C9C636501D2A8C4B00BCAC7A /* EaseMobCustomUI_DemoUITests.xctest */;
			productType = "com.apple.product-type.bundle.ui-testing";
		};
/* End PBXNativeTarget section */

/* Begin PBXProject section */
		C9C636241D2A8C4A00BCAC7A /* Project object */ = {
			isa = PBXProject;
			attributes = {
				CLASSPREFIX = XY;
				LastUpgradeCheck = 0730;
				ORGANIZATIONNAME = HoldCourt;
				TargetAttributes = {
					C9C6362B1D2A8C4A00BCAC7A = {
						CreatedOnToolsVersion = 7.3.1;
					};
					C9C636441D2A8C4B00BCAC7A = {
						CreatedOnToolsVersion = 7.3.1;
						TestTargetID = C9C6362B1D2A8C4A00BCAC7A;
					};
					C9C6364F1D2A8C4B00BCAC7A = {
						CreatedOnToolsVersion = 7.3.1;
						TestTargetID = C9C6362B1D2A8C4A00BCAC7A;
					};
				};
			};
			buildConfigurationList = C9C636271D2A8C4A00BCAC7A /* Build configuration list for PBXProject "EaseMobCustomUI_Demo" */;
			compatibilityVersion = "Xcode 3.2";
			developmentRegion = English;
			hasScannedForEncodings = 0;
			knownRegions = (
				en,
				Base,
			);
			mainGroup = C9C636231D2A8C4A00BCAC7A;
			productRefGroup = C9C6362D1D2A8C4A00BCAC7A /* Products */;
			projectDirPath = "";
			projectRoot = "";
			targets = (
				C9C6362B1D2A8C4A00BCAC7A /* EaseMobCustomUI_Demo */,
				C9C636441D2A8C4B00BCAC7A /* EaseMobCustomUI_DemoTests */,
				C9C6364F1D2A8C4B00BCAC7A /* EaseMobCustomUI_DemoUITests */,
			);
		};
/* End PBXProject section */

/* Begin PBXResourcesBuildPhase section */
		C9C6362A1D2A8C4A00BCAC7A /* Resources */ = {
			isa = PBXResourcesBuildPhase;
			buildActionMask = 2147483647;
			files = (
				C9C6363F1D2A8C4A00BCAC7A /* LaunchScreen.storyboard in Resources */,
				C9C6363C1D2A8C4A00BCAC7A /* Assets.xcassets in Resources */,
				C9C636D11D2B648E00BCAC7A /* EaseMob.bundle in Resources */,
				C9C636E81D2B78AE00BCAC7A /* Login.storyboard in Resources */,
				C9C6363A1D2A8C4A00BCAC7A /* Main.storyboard in Resources */,
			);
			runOnlyForDeploymentPostprocessing = 0;
		};
		C9C636431D2A8C4B00BCAC7A /* Resources */ = {
			isa = PBXResourcesBuildPhase;
			buildActionMask = 2147483647;
			files = (
			);
			runOnlyForDeploymentPostprocessing = 0;
		};
		C9C6364E1D2A8C4B00BCAC7A /* Resources */ = {
			isa = PBXResourcesBuildPhase;
			buildActionMask = 2147483647;
			files = (
			);
			runOnlyForDeploymentPostprocessing = 0;
		};
/* End PBXResourcesBuildPhase section */

/* Begin PBXSourcesBuildPhase section */
		C9C636281D2A8C4A00BCAC7A /* Sources */ = {
			isa = PBXSourcesBuildPhase;
			buildActionMask = 2147483647;
			files = (
				C9C636341D2A8C4A00BCAC7A /* AppDelegate.m in Sources */,
				C9C636311D2A8C4A00BCAC7A /* main.m in Sources */,
				C9C636ED1D2B7AB200BCAC7A /* XYLoginViewController.m in Sources */,
			);
			runOnlyForDeploymentPostprocessing = 0;
		};
		C9C636411D2A8C4B00BCAC7A /* Sources */ = {
			isa = PBXSourcesBuildPhase;
			buildActionMask = 2147483647;
			files = (
				C9C6364A1D2A8C4B00BCAC7A /* EaseMobCustomUI_DemoTests.m in Sources */,
			);
			runOnlyForDeploymentPostprocessing = 0;
		};
		C9C6364C1D2A8C4B00BCAC7A /* Sources */ = {
			isa = PBXSourcesBuildPhase;
			buildActionMask = 2147483647;
			files = (
				C9C636551D2A8C4B00BCAC7A /* EaseMobCustomUI_DemoUITests.m in Sources */,
			);
			runOnlyForDeploymentPostprocessing = 0;
		};
/* End PBXSourcesBuildPhase section */

/* Begin PBXTargetDependency section */
		C9C636471D2A8C4B00BCAC7A /* PBXTargetDependency */ = {
			isa = PBXTargetDependency;
			target = C9C6362B1D2A8C4A00BCAC7A /* EaseMobCustomUI_Demo */;
			targetProxy = C9C636461D2A8C4B00BCAC7A /* PBXContainerItemProxy */;
		};
		C9C636521D2A8C4B00BCAC7A /* PBXTargetDependency */ = {
			isa = PBXTargetDependency;
			target = C9C6362B1D2A8C4A00BCAC7A /* EaseMobCustomUI_Demo */;
			targetProxy = C9C636511D2A8C4B00BCAC7A /* PBXContainerItemProxy */;
		};
/* End PBXTargetDependency section */

/* Begin PBXVariantGroup section */
		C9C636381D2A8C4A00BCAC7A /* Main.storyboard */ = {
			isa = PBXVariantGroup;
			children = (
				C9C636391D2A8C4A00BCAC7A /* Base */,
			);
			name = Main.storyboard;
			path = ../..;
			sourceTree = "<group>";
		};
		C9C6363D1D2A8C4A00BCAC7A /* LaunchScreen.storyboard */ = {
			isa = PBXVariantGroup;
			children = (
				C9C6363E1D2A8C4A00BCAC7A /* Base */,
			);
			name = LaunchScreen.storyboard;
			path = ../..;
			sourceTree = "<group>";
		};
/* End PBXVariantGroup section */

/* Begin XCBuildConfiguration section */
		C9C636571D2A8C4B00BCAC7A /* Debug */ = {
			isa = XCBuildConfiguration;
			buildSettings = {
				ALWAYS_SEARCH_USER_PATHS = NO;
				CLANG_ANALYZER_NONNULL = YES;
				CLANG_CXX_LANGUAGE_STANDARD = "gnu++0x";
				CLANG_CXX_LIBRARY = "libc++";
				CLANG_ENABLE_MODULES = YES;
				CLANG_ENABLE_OBJC_ARC = YES;
				CLANG_WARN_BOOL_CONVERSION = YES;
				CLANG_WARN_CONSTANT_CONVERSION = YES;
				CLANG_WARN_DIRECT_OBJC_ISA_USAGE = YES_ERROR;
				CLANG_WARN_EMPTY_BODY = YES;
				CLANG_WARN_ENUM_CONVERSION = YES;
				CLANG_WARN_INT_CONVERSION = YES;
				CLANG_WARN_OBJC_ROOT_CLASS = YES_ERROR;
				CLANG_WARN_UNREACHABLE_CODE = YES;
				CLANG_WARN__DUPLICATE_METHOD_MATCH = YES;
				"CODE_SIGN_IDENTITY[sdk=iphoneos*]" = "iPhone Developer";
				COPY_PHASE_STRIP = NO;
				DEBUG_INFORMATION_FORMAT = dwarf;
				ENABLE_STRICT_OBJC_MSGSEND = YES;
				ENABLE_TESTABILITY = YES;
				GCC_C_LANGUAGE_STANDARD = gnu99;
				GCC_DYNAMIC_NO_PIC = NO;
				GCC_NO_COMMON_BLOCKS = YES;
				GCC_OPTIMIZATION_LEVEL = 0;
				GCC_PREPROCESSOR_DEFINITIONS = (
					"DEBUG=1",
					"$(inherited)",
				);
				GCC_WARN_64_TO_32_BIT_CONVERSION = YES;
				GCC_WARN_ABOUT_RETURN_TYPE = YES_ERROR;
				GCC_WARN_UNDECLARED_SELECTOR = YES;
				GCC_WARN_UNINITIALIZED_AUTOS = YES_AGGRESSIVE;
				GCC_WARN_UNUSED_FUNCTION = YES;
				GCC_WARN_UNUSED_VARIABLE = YES;
				IPHONEOS_DEPLOYMENT_TARGET = 9.3;
				MTL_ENABLE_DEBUG_INFO = YES;
				ONLY_ACTIVE_ARCH = YES;
				SDKROOT = iphoneos;
			};
			name = Debug;
		};
		C9C636581D2A8C4B00BCAC7A /* Release */ = {
			isa = XCBuildConfiguration;
			buildSettings = {
				ALWAYS_SEARCH_USER_PATHS = NO;
				CLANG_ANALYZER_NONNULL = YES;
				CLANG_CXX_LANGUAGE_STANDARD = "gnu++0x";
				CLANG_CXX_LIBRARY = "libc++";
				CLANG_ENABLE_MODULES = YES;
				CLANG_ENABLE_OBJC_ARC = YES;
				CLANG_WARN_BOOL_CONVERSION = YES;
				CLANG_WARN_CONSTANT_CONVERSION = YES;
				CLANG_WARN_DIRECT_OBJC_ISA_USAGE = YES_ERROR;
				CLANG_WARN_EMPTY_BODY = YES;
				CLANG_WARN_ENUM_CONVERSION = YES;
				CLANG_WARN_INT_CONVERSION = YES;
				CLANG_WARN_OBJC_ROOT_CLASS = YES_ERROR;
				CLANG_WARN_UNREACHABLE_CODE = YES;
				CLANG_WARN__DUPLICATE_METHOD_MATCH = YES;
				"CODE_SIGN_IDENTITY[sdk=iphoneos*]" = "iPhone Developer";
				COPY_PHASE_STRIP = NO;
				DEBUG_INFORMATION_FORMAT = "dwarf-with-dsym";
				ENABLE_NS_ASSERTIONS = NO;
				ENABLE_STRICT_OBJC_MSGSEND = YES;
				GCC_C_LANGUAGE_STANDARD = gnu99;
				GCC_NO_COMMON_BLOCKS = YES;
				GCC_WARN_64_TO_32_BIT_CONVERSION = YES;
				GCC_WARN_ABOUT_RETURN_TYPE = YES_ERROR;
				GCC_WARN_UNDECLARED_SELECTOR = YES;
				GCC_WARN_UNINITIALIZED_AUTOS = YES_AGGRESSIVE;
				GCC_WARN_UNUSED_FUNCTION = YES;
				GCC_WARN_UNUSED_VARIABLE = YES;
				IPHONEOS_DEPLOYMENT_TARGET = 9.3;
				MTL_ENABLE_DEBUG_INFO = NO;
				SDKROOT = iphoneos;
				VALIDATE_PRODUCT = YES;
			};
			name = Release;
		};
		C9C6365A1D2A8C4B00BCAC7A /* Debug */ = {
			isa = XCBuildConfiguration;
			buildSettings = {
				ASSETCATALOG_COMPILER_APPICON_NAME = AppIcon;
				INFOPLIST_FILE = EaseMobCustomUI_Demo/Info.plist;
				LD_RUNPATH_SEARCH_PATHS = "$(inherited) @executable_path/Frameworks";
				LIBRARY_SEARCH_PATHS = (
					"$(inherited)",
					"$(PROJECT_DIR)/EaseMobCustomUI_Demo/EaseMobSDK/lib",
				);
				OTHER_LDFLAGS = "-ObjC";
				PRODUCT_BUNDLE_IDENTIFIER = "HoldCourt.EaseMobCustomUI-Demo";
				PRODUCT_NAME = "$(TARGET_NAME)";
			};
			name = Debug;
		};
		C9C6365B1D2A8C4B00BCAC7A /* Release */ = {
			isa = XCBuildConfiguration;
			buildSettings = {
				ASSETCATALOG_COMPILER_APPICON_NAME = AppIcon;
				INFOPLIST_FILE = EaseMobCustomUI_Demo/Info.plist;
				LD_RUNPATH_SEARCH_PATHS = "$(inherited) @executable_path/Frameworks";
				LIBRARY_SEARCH_PATHS = (
					"$(inherited)",
					"$(PROJECT_DIR)/EaseMobCustomUI_Demo/EaseMobSDK/lib",
				);
				OTHER_LDFLAGS = "-ObjC";
				PRODUCT_BUNDLE_IDENTIFIER = "HoldCourt.EaseMobCustomUI-Demo";
				PRODUCT_NAME = "$(TARGET_NAME)";
			};
			name = Release;
		};
		C9C6365D1D2A8C4B00BCAC7A /* Debug */ = {
			isa = XCBuildConfiguration;
			buildSettings = {
				BUNDLE_LOADER = "$(TEST_HOST)";
				INFOPLIST_FILE = EaseMobCustomUI_DemoTests/Info.plist;
				LD_RUNPATH_SEARCH_PATHS = "$(inherited) @executable_path/Frameworks @loader_path/Frameworks";
				PRODUCT_BUNDLE_IDENTIFIER = "HoldCourt.EaseMobCustomUI-DemoTests";
				PRODUCT_NAME = "$(TARGET_NAME)";
				TEST_HOST = "$(BUILT_PRODUCTS_DIR)/EaseMobCustomUI_Demo.app/EaseMobCustomUI_Demo";
			};
			name = Debug;
		};
		C9C6365E1D2A8C4B00BCAC7A /* Release */ = {
			isa = XCBuildConfiguration;
			buildSettings = {
				BUNDLE_LOADER = "$(TEST_HOST)";
				INFOPLIST_FILE = EaseMobCustomUI_DemoTests/Info.plist;
				LD_RUNPATH_SEARCH_PATHS = "$(inherited) @executable_path/Frameworks @loader_path/Frameworks";
				PRODUCT_BUNDLE_IDENTIFIER = "HoldCourt.EaseMobCustomUI-DemoTests";
				PRODUCT_NAME = "$(TARGET_NAME)";
				TEST_HOST = "$(BUILT_PRODUCTS_DIR)/EaseMobCustomUI_Demo.app/EaseMobCustomUI_Demo";
			};
			name = Release;
		};
		C9C636601D2A8C4B00BCAC7A /* Debug */ = {
			isa = XCBuildConfiguration;
			buildSettings = {
				INFOPLIST_FILE = EaseMobCustomUI_DemoUITests/Info.plist;
				LD_RUNPATH_SEARCH_PATHS = "$(inherited) @executable_path/Frameworks @loader_path/Frameworks";
				PRODUCT_BUNDLE_IDENTIFIER = "HoldCourt.EaseMobCustomUI-DemoUITests";
				PRODUCT_NAME = "$(TARGET_NAME)";
				TEST_TARGET_NAME = EaseMobCustomUI_Demo;
			};
			name = Debug;
		};
		C9C636611D2A8C4B00BCAC7A /* Release */ = {
			isa = XCBuildConfiguration;
			buildSettings = {
				INFOPLIST_FILE = EaseMobCustomUI_DemoUITests/Info.plist;
				LD_RUNPATH_SEARCH_PATHS = "$(inherited) @executable_path/Frameworks @loader_path/Frameworks";
				PRODUCT_BUNDLE_IDENTIFIER = "HoldCourt.EaseMobCustomUI-DemoUITests";
				PRODUCT_NAME = "$(TARGET_NAME)";
				TEST_TARGET_NAME = EaseMobCustomUI_Demo;
			};
			name = Release;
		};
/* End XCBuildConfiguration section */

/* Begin XCConfigurationList section */
		C9C636271D2A8C4A00BCAC7A /* Build configuration list for PBXProject "EaseMobCustomUI_Demo" */ = {
			isa = XCConfigurationList;
			buildConfigurations = (
				C9C636571D2A8C4B00BCAC7A /* Debug */,
				C9C636581D2A8C4B00BCAC7A /* Release */,
			);
			defaultConfigurationIsVisible = 0;
			defaultConfigurationName = Release;
		};
		C9C636591D2A8C4B00BCAC7A /* Build configuration list for PBXNativeTarget "EaseMobCustomUI_Demo" */ = {
			isa = XCConfigurationList;
			buildConfigurations = (
				C9C6365A1D2A8C4B00BCAC7A /* Debug */,
				C9C6365B1D2A8C4B00BCAC7A /* Release */,
			);
			defaultConfigurationIsVisible = 0;
			defaultConfigurationName = Release;
		};
		C9C6365C1D2A8C4B00BCAC7A /* Build configuration list for PBXNativeTarget "EaseMobCustomUI_DemoTests" */ = {
			isa = XCConfigurationList;
			buildConfigurations = (
				C9C6365D1D2A8C4B00BCAC7A /* Debug */,
				C9C6365E1D2A8C4B00BCAC7A /* Release */,
			);
			defaultConfigurationIsVisible = 0;
			defaultConfigurationName = Release;
		};
		C9C6365F1D2A8C4B00BCAC7A /* Build configuration list for PBXNativeTarget "EaseMobCustomUI_DemoUITests" */ = {
			isa = XCConfigurationList;
			buildConfigurations = (
				C9C636601D2A8C4B00BCAC7A /* Debug */,
				C9C636611D2A8C4B00BCAC7A /* Release */,
			);
			defaultConfigurationIsVisible = 0;
			defaultConfigurationName = Release;
		};
/* End XCConfigurationList section */
	};
	rootObject = C9C636241D2A8C4A00BCAC7A /* Project object */;
}
